
Microsoft Visual Studio Solution File, Format Version 12.00
# Visual Studio Version 17
VisualStudioVersion = 17.10.35027.167
MinimumVisualStudioVersion = 10.0.40219.1
Project("{9A19103F-16F7-4668-BE54-9A1E7A4F7556}") = "CasosUsoLynn", "CasosUsoLynn\CasosUsoLynn.csproj", "{B42BD9C2-F570-4E85-A61E-8062B9D728DE}"
EndProject
Project("{9A19103F-16F7-4668-BE54-9A1E7A4F7556}") = "DemoLynn", "DemoLynn\DemoLynn.csproj", "{D0AECD4E-43C5-42B9-BFF7-81E41D731E26}"
EndProject
Global
	GlobalSection(SolutionConfigurationPlatforms) = preSolution
		Debug|Any CPU = Debug|Any CPU
		Release|Any CPU = Release|Any CPU
	EndGlobalSection
	GlobalSection(ProjectConfigurationPlatforms) = postSolution
		{B42BD9C2-F570-4E85-A61E-8062B9D728DE}.Debug|Any CPU.ActiveCfg = Debug|Any CPU
		{B42BD9C2-F570-4E85-A61E-8062B9D728DE}.Debug|Any CPU.Build.0 = Debug|Any CPU
		{B42BD9C2-F570-4E85-A61E-8062B9D728DE}.Release|Any CPU.ActiveCfg = Release|Any CPU
		{B42BD9C2-F570-4E85-A61E-8062B9D728DE}.Release|Any CPU.Build.0 = Release|Any CPU
		{D0AECD4E-43C5-42B9-BFF7-81E41D731E26}.Debug|Any CPU.ActiveCfg = Debug|Any CPU
		{D0AECD4E-43C5-42B9-BFF7-81E41D731E26}.Debug|Any CPU.Build.0 = Debug|Any CPU
		{D0AECD4E-43C5-42B9-BFF7-81E41D731E26}.Release|Any CPU.ActiveCfg = Release|Any CPU
		{D0AECD4E-43C5-42B9-BFF7-81E41D731E26}.Release|Any CPU.Build.0 = Release|Any CPU
	EndGlobalSection
	GlobalSection(SolutionProperties) = preSolution
		HideSolutionNode = FALSE
	EndGlobalSection
	GlobalSection(ExtensibilityGlobals) = postSolution
		SolutionGuid = {6B228B2A-9474-45FA-A13D-E7C611A9F6EE}
	EndGlobalSection
EndGlobal
